
Microsoft Visual Studio Solution File, Format Version 12.00
# Visual Studio Version 17
VisualStudioVersion = 17.10.35004.147
MinimumVisualStudioVersion = 10.0.40219.1
Project("{FAE04EC0-301F-11D3-BF4B-00C04F79EFBC}") = "PromptStorage", "src\PromptStorage\PromptStorage.csproj", "{016A866F-0F9A-4040-A15C-20CEF39F88FE}"
EndProject
EndProject
Global
	GlobalSection(SolutionConfigurationPlatforms) = preSolution
		Debug|Any CPU = Debug|Any CPU
		Release|Any CPU = Release|Any CPU
	EndGlobalSection
	GlobalSection(ProjectConfigurationPlatforms) = postSolution
		{016A866F-0F9A-4040-A15C-20CEF39F88FE}.Debug|Any CPU.ActiveCfg = Debug|Any CPU
		{016A866F-0F9A-4040-A15C-20CEF39F88FE}.Debug|Any CPU.Build.0 = Debug|Any CPU
		{016A866F-0F9A-4040-A15C-20CEF39F88FE}.Release|Any CPU.ActiveCfg = Release|Any CPU
		{016A866F-0F9A-4040-A15C-20CEF39F88FE}.Release|Any CPU.Build.0 = Release|Any CPU
	EndGlobalSection
	GlobalSection(SolutionProperties) = preSolution
		HideSolutionNode = FALSE
	EndGlobalSection
	GlobalSection(ExtensibilityGlobals) = postSolution
		SolutionGuid = {3F2319E8-4881-4E11-987D-36EE8022A1CA}
	EndGlobalSection
EndGlobal
